
Microsoft Visual Studio Solution File, Format Version 12.00
# Visual Studio Version 17
VisualStudioVersion = 17.8.34330.188
MinimumVisualStudioVersion = 10.0.40219.1
Project("{FAE04EC0-301F-11D3-BF4B-00C04F79EFBC}") = "Biblioteka", "Biblioteka\Biblioteka.csproj", "{92C57C27-3BCA-4B8E-A037-D38FE94A5438}"
EndProject
Project("{FAE04EC0-301F-11D3-BF4B-00C04F79EFBC}") = "TestBiblioteki", "TestBiblioteki\TestBiblioteki.csproj", "{9940B607-A408-453E-9095-6C9548F95992}"
EndProject
Global
	GlobalSection(SolutionConfigurationPlatforms) = preSolution
		Debug|Any CPU = Debug|Any CPU
		Release|Any CPU = Release|Any CPU
	EndGlobalSection
	GlobalSection(ProjectConfigurationPlatforms) = postSolution
		{92C57C27-3BCA-4B8E-A037-D38FE94A5438}.Debug|Any CPU.ActiveCfg = Debug|Any CPU
		{92C57C27-3BCA-4B8E-A037-D38FE94A5438}.Debug|Any CPU.Build.0 = Debug|Any CPU
		{92C57C27-3BCA-4B8E-A037-D38FE94A5438}.Release|Any CPU.ActiveCfg = Release|Any CPU
		{92C57C27-3BCA-4B8E-A037-D38FE94A5438}.Release|Any CPU.Build.0 = Release|Any CPU
		{9940B607-A408-453E-9095-6C9548F95992}.Debug|Any CPU.ActiveCfg = Debug|Any CPU
		{9940B607-A408-453E-9095-6C9548F95992}.Debug|Any CPU.Build.0 = Debug|Any CPU
		{9940B607-A408-453E-9095-6C9548F95992}.Release|Any CPU.ActiveCfg = Release|Any CPU
		{9940B607-A408-453E-9095-6C9548F95992}.Release|Any CPU.Build.0 = Release|Any CPU
	EndGlobalSection
	GlobalSection(SolutionProperties) = preSolution
		HideSolutionNode = FALSE
	EndGlobalSection
	GlobalSection(ExtensibilityGlobals) = postSolution
		SolutionGuid = {A75EA90B-9584-4D3E-AFD5-D2EDEE205090}
	EndGlobalSection
EndGlobal
